// !$*UTF8*$!
{
	archiveVersion = 1;
	classes = {
	};
	objectVersion = 55;
	objects = {

/* Begin PBXBuildFile section */
		31ACFF2A283FD00600F0A5A0 /* Tests_iOS.swift in Sources */ = {isa = PBXBuildFile; fileRef = 31ACFF29283FD00600F0A5A0 /* Tests_iOS.swift */; };
		31ACFF2C283FD00600F0A5A0 /* Tests_iOSLaunchTests.swift in Sources */ = {isa = PBXBuildFile; fileRef = 31ACFF2B283FD00600F0A5A0 /* Tests_iOSLaunchTests.swift */; };
		31ACFF36283FD00600F0A5A0 /* Tests_macOS.swift in Sources */ = {isa = PBXBuildFile; fileRef = 31ACFF35283FD00600F0A5A0 /* Tests_macOS.swift */; };
		31ACFF38283FD00600F0A5A0 /* Tests_macOSLaunchTests.swift in Sources */ = {isa = PBXBuildFile; fileRef = 31ACFF37283FD00600F0A5A0 /* Tests_macOSLaunchTests.swift */; };
		31ACFF39283FD00600F0A5A0 /* helloApp.swift in Sources */ = {isa = PBXBuildFile; fileRef = 31ACFF11283FD00400F0A5A0 /* helloApp.swift */; };
		31ACFF3A283FD00600F0A5A0 /* helloApp.swift in Sources */ = {isa = PBXBuildFile; fileRef = 31ACFF11283FD00400F0A5A0 /* helloApp.swift */; };
		31ACFF3B283FD00600F0A5A0 /* ContentView.swift in Sources */ = {isa = PBXBuildFile; fileRef = 31ACFF12283FD00400F0A5A0 /* ContentView.swift */; };
		31ACFF3C283FD00600F0A5A0 /* ContentView.swift in Sources */ = {isa = PBXBuildFile; fileRef = 31ACFF12283FD00400F0A5A0 /* ContentView.swift */; };
		31ACFF3D283FD00600F0A5A0 /* Assets.xcassets in Resources */ = {isa = PBXBuildFile; fileRef = 31ACFF13283FD00600F0A5A0 /* Assets.xcassets */; };
		31ACFF3E283FD00600F0A5A0 /* Assets.xcassets in Resources */ = {isa = PBXBuildFile; fileRef = 31ACFF13283FD00600F0A5A0 /* Assets.xcassets */; };
/* End PBXBuildFile section */

/* Begin PBXContainerItemProxy section */
		31ACFF26283FD00600F0A5A0 /* PBXContainerItemProxy */ = {
			isa = PBXContainerItemProxy;
			containerPortal = 31ACFF0C283FD00400F0A5A0 /* Project object */;
			proxyType = 1;
			remoteGlobalIDString = 31ACFF17283FD00600F0A5A0;
			remoteInfo = "hello (iOS)";
		};
		31ACFF32283FD00600F0A5A0 /* PBXContainerItemProxy */ = {
			isa = PBXContainerItemProxy;
			containerPortal = 31ACFF0C283FD00400F0A5A0 /* Project object */;
			proxyType = 1;
			remoteGlobalIDString = 31ACFF1D283FD00600F0A5A0;
			remoteInfo = "hello (macOS)";
		};
/* End PBXContainerItemProxy section */

/* Begin PBXFileReference section */
		31ACFF11283FD00400F0A5A0 /* helloApp.swift */ = {isa = PBXFileReference; lastKnownFileType = sourcecode.swift; path = helloApp.swift; sourceTree = "<group>"; };
		31ACFF12283FD00400F0A5A0 /* ContentView.swift */ = {isa = PBXFileReference; lastKnownFileType = sourcecode.swift; path = ContentView.swift; sourceTree = "<group>"; };
		31ACFF13283FD00600F0A5A0 /* Assets.xcassets */ = {isa = PBXFileReference; lastKnownFileType = folder.assetcatalog; path = Assets.xcassets; sourceTree = "<group>"; };
		31ACFF18283FD00600F0A5A0 /* hello.app */ = {isa = PBXFileReference; explicitFileType = wrapper.application; includeInIndex = 0; path = hello.app; sourceTree = BUILT_PRODUCTS_DIR; };
		31ACFF1E283FD00600F0A5A0 /* hello.app */ = {isa = PBXFileReference; explicitFileType = wrapper.application; includeInIndex = 0; path = hello.app; sourceTree = BUILT_PRODUCTS_DIR; };
		31ACFF20283FD00600F0A5A0 /* macOS.entitlements */ = {isa = PBXFileReference; lastKnownFileType = text.plist.entitlements; path = macOS.entitlements; sourceTree = "<group>"; };
		31ACFF25283FD00600F0A5A0 /* Tests iOS.xctest */ = {isa = PBXFileReference; explicitFileType = wrapper.cfbundle; includeInIndex = 0; path = "Tests iOS.xctest"; sourceTree = BUILT_PRODUCTS_DIR; };
		31ACFF29283FD00600F0A5A0 /* Tests_iOS.swift */ = {isa = PBXFileReference; lastKnownFileType = sourcecode.swift; path = Tests_iOS.swift; sourceTree = "<group>"; };
		31ACFF2B283FD00600F0A5A0 /* Tests_iOSLaunchTests.swift */ = {isa = PBXFileReference; lastKnownFileType = sourcecode.swift; path = Tests_iOSLaunchTests.swift; sourceTree = "<group>"; };
		31ACFF31283FD00600F0A5A0 /* Tests macOS.xctest */ = {isa = PBXFileReference; explicitFileType = wrapper.cfbundle; includeInIndex = 0; path = "Tests macOS.xctest"; sourceTree = BUILT_PRODUCTS_DIR; };
		31ACFF35283FD00600F0A5A0 /* Tests_macOS.swift */ = {isa = PBXFileReference; lastKnownFileType = sourcecode.swift; path = Tests_macOS.swift; sourceTree = "<group>"; };
		31ACFF37283FD00600F0A5A0 /* Tests_macOSLaunchTests.swift */ = {isa = PBXFileReference; lastKnownFileType = sourcecode.swift; path = Tests_macOSLaunchTests.swift; sourceTree = "<group>"; };
/* End PBXFileReference section */

/* Begin PBXFrameworksBuildPhase section */
		31ACFF15283FD00600F0A5A0 /* Frameworks */ = {
			isa = PBXFrameworksBuildPhase;
			buildActionMask = 2147483647;
			files = (
			);
			runOnlyForDeploymentPostprocessing = 0;
		};
		31ACFF1B283FD00600F0A5A0 /* Frameworks */ = {
			isa = PBXFrameworksBuildPhase;
			buildActionMask = 2147483647;
			files = (
			);
			runOnlyForDeploymentPostprocessing = 0;
		};
		31ACFF22283FD00600F0A5A0 /* Frameworks */ = {
			isa = PBXFrameworksBuildPhase;
			buildActionMask = 2147483647;
			files = (
			);
			runOnlyForDeploymentPostprocessing = 0;
		};
		31ACFF2E283FD00600F0A5A0 /* Frameworks */ = {
			isa = PBXFrameworksBuildPhase;
			buildActionMask = 2147483647;
			files = (
			);
			runOnlyForDeploymentPostprocessing = 0;
		};
/* End PBXFrameworksBuildPhase section */

/* Begin PBXGroup section */
		31ACFF0B283FD00400F0A5A0 = {
			isa = PBXGroup;
			children = (
				31ACFF10283FD00400F0A5A0 /* Shared */,
				31ACFF1F283FD00600F0A5A0 /* macOS */,
				31ACFF28283FD00600F0A5A0 /* Tests iOS */,
				31ACFF34283FD00600F0A5A0 /* Tests macOS */,
				31ACFF19283FD00600F0A5A0 /* Products */,
			);
			sourceTree = "<group>";
		};
		31ACFF10283FD00400F0A5A0 /* Shared */ = {
			isa = PBXGroup;
			children = (
				31ACFF11283FD00400F0A5A0 /* helloApp.swift */,
				31ACFF12283FD00400F0A5A0 /* ContentView.swift */,
				31ACFF13283FD00600F0A5A0 /* Assets.xcassets */,
			);
			path = Shared;
			sourceTree = "<group>";
		};
		31ACFF19283FD00600F0A5A0 /* Products */ = {
			isa = PBXGroup;
			children = (
				31ACFF18283FD00600F0A5A0 /* hello.app */,
				31ACFF1E283FD00600F0A5A0 /* hello.app */,
				31ACFF25283FD00600F0A5A0 /* Tests iOS.xctest */,
				31ACFF31283FD00600F0A5A0 /* Tests macOS.xctest */,
			);
			name = Products;
			sourceTree = "<group>";
		};
		31ACFF1F283FD00600F0A5A0 /* macOS */ = {
			isa = PBXGroup;
			children = (
				31ACFF20283FD00600F0A5A0 /* macOS.entitlements */,
			);
			path = macOS;
			sourceTree = "<group>";
		};
		31ACFF28283FD00600F0A5A0 /* Tests iOS */ = {
			isa = PBXGroup;
			children = (
				31ACFF29283FD00600F0A5A0 /* Tests_iOS.swift */,
				31ACFF2B283FD00600F0A5A0 /* Tests_iOSLaunchTests.swift */,
			);
			path = "Tests iOS";
			sourceTree = "<group>";
		};
		31ACFF34283FD00600F0A5A0 /* Tests macOS */ = {
			isa = PBXGroup;
			children = (
				31ACFF35283FD00600F0A5A0 /* Tests_macOS.swift */,
				31ACFF37283FD00600F0A5A0 /* Tests_macOSLaunchTests.swift */,
			);
			path = "Tests macOS";
			sourceTree = "<group>";
		};
/* End PBXGroup section */

/* Begin PBXNativeTarget section */
		31ACFF17283FD00600F0A5A0 /* hello (iOS) */ = {
			isa = PBXNativeTarget;
			buildConfigurationList = 31ACFF41283FD00600F0A5A0 /* Build configuration list for PBXNativeTarget "hello (iOS)" */;
			buildPhases = (
				31ACFF14283FD00600F0A5A0 /* Sources */,
				31ACFF15283FD00600F0A5A0 /* Frameworks */,
				31ACFF16283FD00600F0A5A0 /* Resources */,
			);
			buildRules = (
			);
			dependencies = (
			);
			name = "hello (iOS)";
			productName = "hello (iOS)";
			productReference = 31ACFF18283FD00600F0A5A0 /* hello.app */;
			productType = "com.apple.product-type.application";
		};
		31ACFF1D283FD00600F0A5A0 /* hello (macOS) */ = {
			isa = PBXNativeTarget;
			buildConfigurationList = 31ACFF44283FD00600F0A5A0 /* Build configuration list for PBXNativeTarget "hello (macOS)" */;
			buildPhases = (
				31ACFF1A283FD00600F0A5A0 /* Sources */,
				31ACFF1B283FD00600F0A5A0 /* Frameworks */,
				31ACFF1C283FD00600F0A5A0 /* Resources */,
			);
			buildRules = (
			);
			dependencies = (
			);
			name = "hello (macOS)";
			productName = "hello (macOS)";
			productReference = 31ACFF1E283FD00600F0A5A0 /* hello.app */;
			productType = "com.apple.product-type.application";
		};
		31ACFF24283FD00600F0A5A0 /* Tests iOS */ = {
			isa = PBXNativeTarget;
			buildConfigurationList = 31ACFF47283FD00600F0A5A0 /* Build configuration list for PBXNativeTarget "Tests iOS" */;
			buildPhases = (
				31ACFF21283FD00600F0A5A0 /* Sources */,
				31ACFF22283FD00600F0A5A0 /* Frameworks */,
				31ACFF23283FD00600F0A5A0 /* Resources */,
			);
			buildRules = (
			);
			dependencies = (
				31ACFF27283FD00600F0A5A0 /* PBXTargetDependency */,
			);
			name = "Tests iOS";
			productName = "Tests iOS";
			productReference = 31ACFF25283FD00600F0A5A0 /* Tests iOS.xctest */;
			productType = "com.apple.product-type.bundle.ui-testing";
		};
		31ACFF30283FD00600F0A5A0 /* Tests macOS */ = {
			isa = PBXNativeTarget;
			buildConfigurationList = 31ACFF4A283FD00600F0A5A0 /* Build configuration list for PBXNativeTarget "Tests macOS" */;
			buildPhases = (
				31ACFF2D283FD00600F0A5A0 /* Sources */,
				31ACFF2E283FD00600F0A5A0 /* Frameworks */,
				31ACFF2F283FD00600F0A5A0 /* Resources */,
			);
			buildRules = (
			);
			dependencies = (
				31ACFF33283FD00600F0A5A0 /* PBXTargetDependency */,
			);
			name = "Tests macOS";
			productName = "Tests macOS";
			productReference = 31ACFF31283FD00600F0A5A0 /* Tests macOS.xctest */;
			productType = "com.apple.product-type.bundle.ui-testing";
		};
/* End PBXNativeTarget section */

/* Begin PBXProject section */
		31ACFF0C283FD00400F0A5A0 /* Project object */ = {
			isa = PBXProject;
			attributes = {
				BuildIndependentTargetsInParallel = 1;
				LastSwiftUpdateCheck = 1340;
				LastUpgradeCheck = 1340;
				TargetAttributes = {
					31ACFF17283FD00600F0A5A0 = {
						CreatedOnToolsVersion = 13.4;
					};
					31ACFF1D283FD00600F0A5A0 = {
						CreatedOnToolsVersion = 13.4;
					};
					31ACFF24283FD00600F0A5A0 = {
						CreatedOnToolsVersion = 13.4;
						TestTargetID = 31ACFF17283FD00600F0A5A0;
					};
					31ACFF30283FD00600F0A5A0 = {
						CreatedOnToolsVersion = 13.4;
						TestTargetID = 31ACFF1D283FD00600F0A5A0;
					};
				};
			};
			buildConfigurationList = 31ACFF0F283FD00400F0A5A0 /* Build configuration list for PBXProject "hello" */;
			compatibilityVersion = "Xcode 13.0";
			developmentRegion = en;
			hasScannedForEncodings = 0;
			knownRegions = (
				en,
				Base,
			);
			mainGroup = 31ACFF0B283FD00400F0A5A0;
			productRefGroup = 31ACFF19283FD00600F0A5A0 /* Products */;
			projectDirPath = "";
			projectRoot = "";
			targets = (
				31ACFF17283FD00600F0A5A0 /* hello (iOS) */,
				31ACFF1D283FD00600F0A5A0 /* hello (macOS) */,
				31ACFF24283FD00600F0A5A0 /* Tests iOS */,
				31ACFF30283FD00600F0A5A0 /* Tests macOS */,
			);
		};
/* End PBXProject section */

/* Begin PBXResourcesBuildPhase section */
		31ACFF16283FD00600F0A5A0 /* Resources */ = {
			isa = PBXResourcesBuildPhase;
			buildActionMask = 2147483647;
			files = (
				31ACFF3D283FD00600F0A5A0 /* Assets.xcassets in Resources */,
			);
			runOnlyForDeploymentPostprocessing = 0;
		};
		31ACFF1C283FD00600F0A5A0 /* Resources */ = {
			isa = PBXResourcesBuildPhase;
			buildActionMask = 2147483647;
			files = (
				31ACFF3E283FD00600F0A5A0 /* Assets.xcassets in Resources */,
			);
			runOnlyForDeploymentPostprocessing = 0;
		};
		31ACFF23283FD00600F0A5A0 /* Resources */ = {
			isa = PBXResourcesBuildPhase;
			buildActionMask = 2147483647;
			files = (
			);
			runOnlyForDeploymentPostprocessing = 0;
		};
		31ACFF2F283FD00600F0A5A0 /* Resources */ = {
			isa = PBXResourcesBuildPhase;
			buildActionMask = 2147483647;
			files = (
			);
			runOnlyForDeploymentPostprocessing = 0;
		};
/* End PBXResourcesBuildPhase section */

/* Begin PBXSourcesBuildPhase section */
		31ACFF14283FD00600F0A5A0 /* Sources */ = {
			isa = PBXSourcesBuildPhase;
			buildActionMask = 2147483647;
			files = (
				31ACFF3B283FD00600F0A5A0 /* ContentView.swift in Sources */,
				31ACFF39283FD00600F0A5A0 /* helloApp.swift in Sources */,
			);
			runOnlyForDeploymentPostprocessing = 0;
		};
		31ACFF1A283FD00600F0A5A0 /* Sources */ = {
			isa = PBXSourcesBuildPhase;
			buildActionMask = 2147483647;
			files = (
				31ACFF3C283FD00600F0A5A0 /* ContentView.swift in Sources */,
				31ACFF3A283FD00600F0A5A0 /* helloApp.swift in Sources */,
			);
			runOnlyForDeploymentPostprocessing = 0;
		};
		31ACFF21283FD00600F0A5A0 /* Sources */ = {
			isa = PBXSourcesBuildPhase;
			buildActionMask = 2147483647;
			files = (
				31ACFF2C283FD00600F0A5A0 /* Tests_iOSLaunchTests.swift in Sources */,
				31ACFF2A283FD00600F0A5A0 /* Tests_iOS.swift in Sources */,
			);
			runOnlyForDeploymentPostprocessing = 0;
		};
		31ACFF2D283FD00600F0A5A0 /* Sources */ = {
			isa = PBXSourcesBuildPhase;
			buildActionMask = 2147483647;
			files = (
				31ACFF38283FD00600F0A5A0 /* Tests_macOSLaunchTests.swift in Sources */,
				31ACFF36283FD00600F0A5A0 /* Tests_macOS.swift in Sources */,
			);
			runOnlyForDeploymentPostprocessing = 0;
		};
/* End PBXSourcesBuildPhase section */

/* Begin PBXTargetDependency section */
		31ACFF27283FD00600F0A5A0 /* PBXTargetDependency */ = {
			isa = PBXTargetDependency;
			target = 31ACFF17283FD00600F0A5A0 /* hello (iOS) */;
			targetProxy = 31ACFF26283FD00600F0A5A0 /* PBXContainerItemProxy */;
		};
		31ACFF33283FD00600F0A5A0 /* PBXTargetDependency */ = {
			isa = PBXTargetDependency;
			target = 31ACFF1D283FD00600F0A5A0 /* hello (macOS) */;
			targetProxy = 31ACFF32283FD00600F0A5A0 /* PBXContainerItemProxy */;
		};
/* End PBXTargetDependency section */

/* Begin XCBuildConfiguration section */
		31ACFF3F283FD00600F0A5A0 /* Debug */ = {
			isa = XCBuildConfiguration;
			buildSettings = {
				ALWAYS_SEARCH_USER_PATHS = NO;
				CLANG_ANALYZER_NONNULL = YES;
				CLANG_ANALYZER_NUMBER_OBJECT_CONVERSION = YES_AGGRESSIVE;
				CLANG_CXX_LANGUAGE_STANDARD = "gnu++17";
				CLANG_ENABLE_MODULES = YES;
				CLANG_ENABLE_OBJC_ARC = YES;
				CLANG_ENABLE_OBJC_WEAK = YES;
				CLANG_WARN_BLOCK_CAPTURE_AUTORELEASING = YES;
				CLANG_WARN_BOOL_CONVERSION = YES;
				CLANG_WARN_COMMA = YES;
				CLANG_WARN_CONSTANT_CONVERSION = YES;
				CLANG_WARN_DEPRECATED_OBJC_IMPLEMENTATIONS = YES;
				CLANG_WARN_DIRECT_OBJC_ISA_USAGE = YES_ERROR;
				CLANG_WARN_DOCUMENTATION_COMMENTS = YES;
				CLANG_WARN_EMPTY_BODY = YES;
				CLANG_WARN_ENUM_CONVERSION = YES;
				CLANG_WARN_INFINITE_RECURSION = YES;
				CLANG_WARN_INT_CONVERSION = YES;
				CLANG_WARN_NON_LITERAL_NULL_CONVERSION = YES;
				CLANG_WARN_OBJC_IMPLICIT_RETAIN_SELF = YES;
				CLANG_WARN_OBJC_LITERAL_CONVERSION = YES;
				CLANG_WARN_OBJC_ROOT_CLASS = YES_ERROR;
				CLANG_WARN_QUOTED_INCLUDE_IN_FRAMEWORK_HEADER = YES;
				CLANG_WARN_RANGE_LOOP_ANALYSIS = YES;
				CLANG_WARN_STRICT_PROTOTYPES = YES;
				CLANG_WARN_SUSPICIOUS_MOVE = YES;
				CLANG_WARN_UNGUARDED_AVAILABILITY = YES_AGGRESSIVE;
				CLANG_WARN_UNREACHABLE_CODE = YES;
				CLANG_WARN__DUPLICATE_METHOD_MATCH = YES;
				COPY_PHASE_STRIP = NO;
				DEBUG_INFORMATION_FORMAT = dwarf;
				ENABLE_STRICT_OBJC_MSGSEND = YES;
				ENABLE_TESTABILITY = YES;
				GCC_C_LANGUAGE_STANDARD = gnu11;
				GCC_DYNAMIC_NO_PIC = NO;
				GCC_NO_COMMON_BLOCKS = YES;
				GCC_OPTIMIZATION_LEVEL = 0;
				GCC_PREPROCESSOR_DEFINITIONS = (
					"DEBUG=1",
					"$(inherited)",
				);
				GCC_WARN_64_TO_32_BIT_CONVERSION = YES;
				GCC_WARN_ABOUT_RETURN_TYPE = YES_ERROR;
				GCC_WARN_UNDECLARED_SELECTOR = YES;
				GCC_WARN_UNINITIALIZED_AUTOS = YES_AGGRESSIVE;
				GCC_WARN_UNUSED_FUNCTION = YES;
				GCC_WARN_UNUSED_VARIABLE = YES;
				MTL_ENABLE_DEBUG_INFO = INCLUDE_SOURCE;
				MTL_FAST_MATH = YES;
				ONLY_ACTIVE_ARCH = YES;
				SWIFT_ACTIVE_COMPILATION_CONDITIONS = DEBUG;
				SWIFT_OPTIMIZATION_LEVEL = "-Onone";
			};
			name = Debug;
		};
		31ACFF40283FD00600F0A5A0 /* Release */ = {
			isa = XCBuildConfiguration;
			buildSettings = {
				ALWAYS_SEARCH_USER_PATHS = NO;
				CLANG_ANALYZER_NONNULL = YES;
				CLANG_ANALYZER_NUMBER_OBJECT_CONVERSION = YES_AGGRESSIVE;
				CLANG_CXX_LANGUAGE_STANDARD = "gnu++17";
				CLANG_ENABLE_MODULES = YES;
				CLANG_ENABLE_OBJC_ARC = YES;
				CLANG_ENABLE_OBJC_WEAK = YES;
				CLANG_WARN_BLOCK_CAPTURE_AUTORELEASING = YES;
				CLANG_WARN_BOOL_CONVERSION = YES;
				CLANG_WARN_COMMA = YES;
				CLANG_WARN_CONSTANT_CONVERSION = YES;
				CLANG_WARN_DEPRECATED_OBJC_IMPLEMENTATIONS = YES;
				CLANG_WARN_DIRECT_OBJC_ISA_USAGE = YES_ERROR;
				CLANG_WARN_DOCUMENTATION_COMMENTS = YES;
				CLANG_WARN_EMPTY_BODY = YES;
				CLANG_WARN_ENUM_CONVERSION = YES;
				CLANG_WARN_INFINITE_RECURSION = YES;
				CLANG_WARN_INT_CONVERSION = YES;
				CLANG_WARN_NON_LITERAL_NULL_CONVERSION = YES;
				CLANG_WARN_OBJC_IMPLICIT_RETAIN_SELF = YES;
				CLANG_WARN_OBJC_LITERAL_CONVERSION = YES;
				CLANG_WARN_OBJC_ROOT_CLASS = YES_ERROR;
				CLANG_WARN_QUOTED_INCLUDE_IN_FRAMEWORK_HEADER = YES;
				CLANG_WARN_RANGE_LOOP_ANALYSIS = YES;
				CLANG_WARN_STRICT_PROTOTYPES = YES;
				CLANG_WARN_SUSPICIOUS_MOVE = YES;
				CLANG_WARN_UNGUARDED_AVAILABILITY = YES_AGGRESSIVE;
				CLANG_WARN_UNREACHABLE_CODE = YES;
				CLANG_WARN__DUPLICATE_METHOD_MATCH = YES;
				COPY_PHASE_STRIP = NO;
				DEBUG_INFORMATION_FORMAT = "dwarf-with-dsym";
				ENABLE_NS_ASSERTIONS = NO;
				ENABLE_STRICT_OBJC_MSGSEND = YES;
				GCC_C_LANGUAGE_STANDARD = gnu11;
				GCC_NO_COMMON_BLOCKS = YES;
				GCC_WARN_64_TO_32_BIT_CONVERSION = YES;
				GCC_WARN_ABOUT_RETURN_TYPE = YES_ERROR;
				GCC_WARN_UNDECLARED_SELECTOR = YES;
				GCC_WARN_UNINITIALIZED_AUTOS = YES_AGGRESSIVE;
				GCC_WARN_UNUSED_FUNCTION = YES;
				GCC_WARN_UNUSED_VARIABLE = YES;
				MTL_ENABLE_DEBUG_INFO = NO;
				MTL_FAST_MATH = YES;
				SWIFT_COMPILATION_MODE = wholemodule;
				SWIFT_OPTIMIZATION_LEVEL = "-O";
			};
			name = Release;
		};
		31ACFF42283FD00600F0A5A0 /* Debug */ = {
			isa = XCBuildConfiguration;
			buildSettings = {
				ASSETCATALOG_COMPILER_APPICON_NAME = AppIcon;
				ASSETCATALOG_COMPILER_GLOBAL_ACCENT_COLOR_NAME = AccentColor;
				CODE_SIGN_STYLE = Automatic;
				CURRENT_PROJECT_VERSION = 1;
				DEVELOPMENT_TEAM = XD73DA4KZ4;
				ENABLE_PREVIEWS = YES;
				GENERATE_INFOPLIST_FILE = YES;
				INFOPLIST_KEY_UIApplicationSceneManifest_Generation = YES;
				INFOPLIST_KEY_UIApplicationSupportsIndirectInputEvents = YES;
				INFOPLIST_KEY_UILaunchScreen_Generation = YES;
				INFOPLIST_KEY_UISupportedInterfaceOrientations_iPad = "UIInterfaceOrientationPortrait UIInterfaceOrientationPortraitUpsideDown UIInterfaceOrientationLandscapeLeft UIInterfaceOrientationLandscapeRight";
				INFOPLIST_KEY_UISupportedInterfaceOrientations_iPhone = "UIInterfaceOrientationPortrait UIInterfaceOrientationLandscapeLeft UIInterfaceOrientationLandscapeRight";
				IPHONEOS_DEPLOYMENT_TARGET = 15.5;
				LD_RUNPATH_SEARCH_PATHS = (
					"$(inherited)",
					"@executable_path/Frameworks",
				);
				MARKETING_VERSION = 1.0;
				PRODUCT_BUNDLE_IDENTIFIER = he.hello;
				PRODUCT_NAME = hello;
				SDKROOT = iphoneos;
				SWIFT_EMIT_LOC_STRINGS = YES;
				SWIFT_VERSION = 5.0;
				TARGETED_DEVICE_FAMILY = "1,2";
			};
			name = Debug;
		};
		31ACFF43283FD00600F0A5A0 /* Release */ = {
			isa = XCBuildConfiguration;
			buildSettings = {
				ASSETCATALOG_COMPILER_APPICON_NAME = AppIcon;
				ASSETCATALOG_COMPILER_GLOBAL_ACCENT_COLOR_NAME = AccentColor;
				CODE_SIGN_STYLE = Automatic;
				CURRENT_PROJECT_VERSION = 1;
				DEVELOPMENT_TEAM = XD73DA4KZ4;
				ENABLE_PREVIEWS = YES;
				GENERATE_INFOPLIST_FILE = YES;
				INFOPLIST_KEY_UIApplicationSceneManifest_Generation = YES;
				INFOPLIST_KEY_UIApplicationSupportsIndirectInputEvents = YES;
				INFOPLIST_KEY_UILaunchScreen_Generation = YES;
				INFOPLIST_KEY_UISupportedInterfaceOrientations_iPad = "UIInterfaceOrientationPortrait UIInterfaceOrientationPortraitUpsideDown UIInterfaceOrientationLandscapeLeft UIInterfaceOrientationLandscapeRight";
				INFOPLIST_KEY_UISupportedInterfaceOrientations_iPhone = "UIInterfaceOrientationPortrait UIInterfaceOrientationLandscapeLeft UIInterfaceOrientationLandscapeRight";
				IPHONEOS_DEPLOYMENT_TARGET = 15.5;
				LD_RUNPATH_SEARCH_PATHS = (
					"$(inherited)",
					"@executable_path/Frameworks",
				);
				MARKETING_VERSION = 1.0;
				PRODUCT_BUNDLE_IDENTIFIER = he.hello;
				PRODUCT_NAME = hello;
				SDKROOT = iphoneos;
				SWIFT_EMIT_LOC_STRINGS = YES;
				SWIFT_VERSION = 5.0;
				TARGETED_DEVICE_FAMILY = "1,2";
				VALIDATE_PRODUCT = YES;
			};
			name = Release;
		};
		31ACFF45283FD00600F0A5A0 /* Debug */ = {
			isa = XCBuildConfiguration;
			buildSettings = {
				ASSETCATALOG_COMPILER_APPICON_NAME = AppIcon;
				ASSETCATALOG_COMPILER_GLOBAL_ACCENT_COLOR_NAME = AccentColor;
				CODE_SIGN_ENTITLEMENTS = macOS/macOS.entitlements;
				CODE_SIGN_STYLE = Automatic;
				COMBINE_HIDPI_IMAGES = YES;
				CURRENT_PROJECT_VERSION = 1;
				DEVELOPMENT_TEAM = XD73DA4KZ4;
				ENABLE_HARDENED_RUNTIME = YES;
				ENABLE_PREVIEWS = YES;
				GENERATE_INFOPLIST_FILE = YES;
				INFOPLIST_KEY_NSHumanReadableCopyright = "";
				LD_RUNPATH_SEARCH_PATHS = (
					"$(inherited)",
					"@executable_path/../Frameworks",
				);
				MACOSX_DEPLOYMENT_TARGET = 12.3;
				MARKETING_VERSION = 1.0;
				PRODUCT_BUNDLE_IDENTIFIER = he.hello;
				PRODUCT_NAME = hello;
				SDKROOT = macosx;
				SWIFT_EMIT_LOC_STRINGS = YES;
				SWIFT_VERSION = 5.0;
			};
			name = Debug;
		};
		31ACFF46283FD00600F0A5A0 /* Release */ = {
			isa = XCBuildConfiguration;
			buildSettings = {
				ASSETCATALOG_COMPILER_APPICON_NAME = AppIcon;
				ASSETCATALOG_COMPILER_GLOBAL_ACCENT_COLOR_NAME = AccentColor;
				CODE_SIGN_ENTITLEMENTS = macOS/macOS.entitlements;
				CODE_SIGN_STYLE = Automatic;
				COMBINE_HIDPI_IMAGES = YES;
				CURRENT_PROJECT_VERSION = 1;
				DEVELOPMENT_TEAM = XD73DA4KZ4;
				ENABLE_HARDENED_RUNTIME = YES;
				ENABLE_PREVIEWS = YES;
				GENERATE_INFOPLIST_FILE = YES;
				INFOPLIST_KEY_NSHumanReadableCopyright = "";
				LD_RUNPATH_SEARCH_PATHS = (
					"$(inherited)",
					"@executable_path/../Frameworks",
				);
				MACOSX_DEPLOYMENT_TARGET = 12.3;
				MARKETING_VERSION = 1.0;
				PRODUCT_BUNDLE_IDENTIFIER = he.hello;
				PRODUCT_NAME = hello;
				SDKROOT = macosx;
				SWIFT_EMIT_LOC_STRINGS = YES;
				SWIFT_VERSION = 5.0;
			};
			name = Release;
		};
		31ACFF48283FD00600F0A5A0 /* Debug */ = {
			isa = XCBuildConfiguration;
			buildSettings = {
				ALWAYS_EMBED_SWIFT_STANDARD_LIBRARIES = YES;
				CODE_SIGN_STYLE = Automatic;
				CURRENT_PROJECT_VERSION = 1;
				DEVELOPMENT_TEAM = XD73DA4KZ4;
				GENERATE_INFOPLIST_FILE = YES;
				IPHONEOS_DEPLOYMENT_TARGET = 15.5;
				MARKETING_VERSION = 1.0;
				PRODUCT_BUNDLE_IDENTIFIER = "he.Tests-iOS";
				PRODUCT_NAME = "$(TARGET_NAME)";
				SDKROOT = iphoneos;
				SWIFT_EMIT_LOC_STRINGS = NO;
				SWIFT_VERSION = 5.0;
				TARGETED_DEVICE_FAMILY = "1,2";
				TEST_TARGET_NAME = "hello (iOS)";
			};
			name = Debug;
		};
		31ACFF49283FD00600F0A5A0 /* Release */ = {
			isa = XCBuildConfiguration;
			buildSettings = {
				ALWAYS_EMBED_SWIFT_STANDARD_LIBRARIES = YES;
				CODE_SIGN_STYLE = Automatic;
				CURRENT_PROJECT_VERSION = 1;
				DEVELOPMENT_TEAM = XD73DA4KZ4;
				GENERATE_INFOPLIST_FILE = YES;
				IPHONEOS_DEPLOYMENT_TARGET = 15.5;
				MARKETING_VERSION = 1.0;
				PRODUCT_BUNDLE_IDENTIFIER = "he.Tests-iOS";
				PRODUCT_NAME = "$(TARGET_NAME)";
				SDKROOT = iphoneos;
				SWIFT_EMIT_LOC_STRINGS = NO;
				SWIFT_VERSION = 5.0;
				TARGETED_DEVICE_FAMILY = "1,2";
				TEST_TARGET_NAME = "hello (iOS)";
				VALIDATE_PRODUCT = YES;
			};
			name = Release;
		};
		31ACFF4B283FD00600F0A5A0 /* Debug */ = {
			isa = XCBuildConfiguration;
			buildSettings = {
				ALWAYS_EMBED_SWIFT_STANDARD_LIBRARIES = YES;
				CODE_SIGN_STYLE = Automatic;
				CURRENT_PROJECT_VERSION = 1;
				DEVELOPMENT_TEAM = XD73DA4KZ4;
				GENERATE_INFOPLIST_FILE = YES;
				MACOSX_DEPLOYMENT_TARGET = 12.3;
				MARKETING_VERSION = 1.0;
				PRODUCT_BUNDLE_IDENTIFIER = "he.Tests-macOS";
				PRODUCT_NAME = "$(TARGET_NAME)";
				SDKROOT = macosx;
				SWIFT_EMIT_LOC_STRINGS = NO;
				SWIFT_VERSION = 5.0;
				TEST_TARGET_NAME = "hello (macOS)";
			};
			name = Debug;
		};
		31ACFF4C283FD00600F0A5A0 /* Release */ = {
			isa = XCBuildConfiguration;
			buildSettings = {
				ALWAYS_EMBED_SWIFT_STANDARD_LIBRARIES = YES;
				CODE_SIGN_STYLE = Automatic;
				CURRENT_PROJECT_VERSION = 1;
				DEVELOPMENT_TEAM = XD73DA4KZ4;
				GENERATE_INFOPLIST_FILE = YES;
				MACOSX_DEPLOYMENT_TARGET = 12.3;
				MARKETING_VERSION = 1.0;
				PRODUCT_BUNDLE_IDENTIFIER = "he.Tests-macOS";
				PRODUCT_NAME = "$(TARGET_NAME)";
				SDKROOT = macosx;
				SWIFT_EMIT_LOC_STRINGS = NO;
				SWIFT_VERSION = 5.0;
				TEST_TARGET_NAME = "hello (macOS)";
			};
			name = Release;
		};
/* End XCBuildConfiguration section */

/* Begin XCConfigurationList section */
		31ACFF0F283FD00400F0A5A0 /* Build configuration list for PBXProject "hello" */ = {
			isa = XCConfigurationList;
			buildConfigurations = (
				31ACFF3F283FD00600F0A5A0 /* Debug */,
				31ACFF40283FD00600F0A5A0 /* Release */,
			);
			defaultConfigurationIsVisible = 0;
			defaultConfigurationName = Release;
		};
		31ACFF41283FD00600F0A5A0 /* Build configuration list for PBXNativeTarget "hello (iOS)" */ = {
			isa = XCConfigurationList;
			buildConfigurations = (
				31ACFF42283FD00600F0A5A0 /* Debug */,
				31ACFF43283FD00600F0A5A0 /* Release */,
			);
			defaultConfigurationIsVisible = 0;
			defaultConfigurationName = Release;
		};
		31ACFF44283FD00600F0A5A0 /* Build configuration list for PBXNativeTarget "hello (macOS)" */ = {
			isa = XCConfigurationList;
			buildConfigurations = (
				31ACFF45283FD00600F0A5A0 /* Debug */,
				31ACFF46283FD00600F0A5A0 /* Release */,
			);
			defaultConfigurationIsVisible = 0;
			defaultConfigurationName = Release;
		};
		31ACFF47283FD00600F0A5A0 /* Build configuration list for PBXNativeTarget "Tests iOS" */ = {
			isa = XCConfigurationList;
			buildConfigurations = (
				31ACFF48283FD00600F0A5A0 /* Debug */,
				31ACFF49283FD00600F0A5A0 /* Release */,
			);
			defaultConfigurationIsVisible = 0;
			defaultConfigurationName = Release;
		};
		31ACFF4A283FD00600F0A5A0 /* Build configuration list for PBXNativeTarget "Tests macOS" */ = {
			isa = XCConfigurationList;
			buildConfigurations = (
				31ACFF4B283FD00600F0A5A0 /* Debug */,
				31ACFF4C283FD00600F0A5A0 /* Release */,
			);
			defaultConfigurationIsVisible = 0;
			defaultConfigurationName = Release;
		};
/* End XCConfigurationList section */
	};
	rootObject = 31ACFF0C283FD00400F0A5A0 /* Project object */;
}
